// !$*UTF8*$!
{
	archiveVersion = 1;
	classes = {
	};
	objectVersion = 55;
	objects = {

/* Begin PBXBuildFile section */
		BD2D2BDD288617C1000C69A2 /* CompleteToDoViewController.swift in Sources */ = {isa = PBXBuildFile; fileRef = BD2D2BDC288617C1000C69A2 /* CompleteToDoViewController.swift */; };
		BDD6890028821F0C009AC54F /* AppDelegate.swift in Sources */ = {isa = PBXBuildFile; fileRef = BDD688FF28821F0C009AC54F /* AppDelegate.swift */; };
		BDD6890228821F0C009AC54F /* SceneDelegate.swift in Sources */ = {isa = PBXBuildFile; fileRef = BDD6890128821F0C009AC54F /* SceneDelegate.swift */; };
		BDD6890728821F0C009AC54F /* Main.storyboard in Resources */ = {isa = PBXBuildFile; fileRef = BDD6890528821F0C009AC54F /* Main.storyboard */; };
		BDD6890A28821F0C009AC54F /* toDoList2022W3.xcdatamodeld in Sources */ = {isa = PBXBuildFile; fileRef = BDD6890828821F0C009AC54F /* toDoList2022W3.xcdatamodeld */; };
		BDD6890C28821F0E009AC54F /* Assets.xcassets in Resources */ = {isa = PBXBuildFile; fileRef = BDD6890B28821F0E009AC54F /* Assets.xcassets */; };
		BDD6890F28821F0E009AC54F /* LaunchScreen.storyboard in Resources */ = {isa = PBXBuildFile; fileRef = BDD6890D28821F0E009AC54F /* LaunchScreen.storyboard */; };
		BDD68917288223DB009AC54F /* ToDoTableViewController.swift in Sources */ = {isa = PBXBuildFile; fileRef = BDD68916288223DB009AC54F /* ToDoTableViewController.swift */; };
		BDD6891928822575009AC54F /* ToDo.swift in Sources */ = {isa = PBXBuildFile; fileRef = BDD6891828822575009AC54F /* ToDo.swift */; };
		BDF8C8252885D153007EF465 /* AddToDoViewController.swift in Sources */ = {isa = PBXBuildFile; fileRef = BDF8C8242885D153007EF465 /* AddToDoViewController.swift */; };
/* End PBXBuildFile section */

/* Begin PBXFileReference section */
		BD2D2BDC288617C1000C69A2 /* CompleteToDoViewController.swift */ = {isa = PBXFileReference; lastKnownFileType = sourcecode.swift; path = CompleteToDoViewController.swift; sourceTree = "<group>"; };
		BDD688FC28821F0C009AC54F /* toDoList2022W3.app */ = {isa = PBXFileReference; explicitFileType = wrapper.application; includeInIndex = 0; path = toDoList2022W3.app; sourceTree = BUILT_PRODUCTS_DIR; };
		BDD688FF28821F0C009AC54F /* AppDelegate.swift */ = {isa = PBXFileReference; lastKnownFileType = sourcecode.swift; path = AppDelegate.swift; sourceTree = "<group>"; };
		BDD6890128821F0C009AC54F /* SceneDelegate.swift */ = {isa = PBXFileReference; lastKnownFileType = sourcecode.swift; path = SceneDelegate.swift; sourceTree = "<group>"; };
		BDD6890628821F0C009AC54F /* Base */ = {isa = PBXFileReference; lastKnownFileType = file.storyboard; name = Base; path = Base.lproj/Main.storyboard; sourceTree = "<group>"; };
		BDD6890928821F0C009AC54F /* toDoList2022W3.xcdatamodel */ = {isa = PBXFileReference; lastKnownFileType = wrapper.xcdatamodel; path = toDoList2022W3.xcdatamodel; sourceTree = "<group>"; };
		BDD6890B28821F0E009AC54F /* Assets.xcassets */ = {isa = PBXFileReference; lastKnownFileType = folder.assetcatalog; path = Assets.xcassets; sourceTree = "<group>"; };
		BDD6890E28821F0E009AC54F /* Base */ = {isa = PBXFileReference; lastKnownFileType = file.storyboard; name = Base; path = Base.lproj/LaunchScreen.storyboard; sourceTree = "<group>"; };
		BDD6891028821F0E009AC54F /* Info.plist */ = {isa = PBXFileReference; lastKnownFileType = text.plist.xml; path = Info.plist; sourceTree = "<group>"; };
		BDD68916288223DB009AC54F /* ToDoTableViewController.swift */ = {isa = PBXFileReference; lastKnownFileType = sourcecode.swift; path = ToDoTableViewController.swift; sourceTree = "<group>"; };
		BDD6891828822575009AC54F /* ToDo.swift */ = {isa = PBXFileReference; lastKnownFileType = sourcecode.swift; path = ToDo.swift; sourceTree = "<group>"; };
		BDF8C8242885D153007EF465 /* AddToDoViewController.swift */ = {isa = PBXFileReference; lastKnownFileType = sourcecode.swift; path = AddToDoViewController.swift; sourceTree = "<group>"; };
/* End PBXFileReference section */

/* Begin PBXFrameworksBuildPhase section */
		BDD688F928821F0C009AC54F /* Frameworks */ = {
			isa = PBXFrameworksBuildPhase;
			buildActionMask = 2147483647;
			files = (
			);
			runOnlyForDeploymentPostprocessing = 0;
		};
/* End PBXFrameworksBuildPhase section */

/* Begin PBXGroup section */
		BDD688F328821F0C009AC54F = {
			isa = PBXGroup;
			children = (
				BDD688FE28821F0C009AC54F /* toDoList2022W3 */,
				BDD688FD28821F0C009AC54F /* Products */,
			);
			sourceTree = "<group>";
		};
		BDD688FD28821F0C009AC54F /* Products */ = {
			isa = PBXGroup;
			children = (
				BDD688FC28821F0C009AC54F /* toDoList2022W3.app */,
			);
			name = Products;
			sourceTree = "<group>";
		};
		BDD688FE28821F0C009AC54F /* toDoList2022W3 */ = {
			isa = PBXGroup;
			children = (
				BDD688FF28821F0C009AC54F /* AppDelegate.swift */,
				BDD6890128821F0C009AC54F /* SceneDelegate.swift */,
				BDD6890528821F0C009AC54F /* Main.storyboard */,
				BD2D2BDC288617C1000C69A2 /* CompleteToDoViewController.swift */,
				BDF8C8242885D153007EF465 /* AddToDoViewController.swift */,
				BDD6891828822575009AC54F /* ToDo.swift */,
				BDD68916288223DB009AC54F /* ToDoTableViewController.swift */,
				BDD6890B28821F0E009AC54F /* Assets.xcassets */,
				BDD6890D28821F0E009AC54F /* LaunchScreen.storyboard */,
				BDD6891028821F0E009AC54F /* Info.plist */,
				BDD6890828821F0C009AC54F /* toDoList2022W3.xcdatamodeld */,
			);
			path = toDoList2022W3;
			sourceTree = "<group>";
		};
/* End PBXGroup section */

/* Begin PBXNativeTarget section */
		BDD688FB28821F0C009AC54F /* toDoList2022W3 */ = {
			isa = PBXNativeTarget;
			buildConfigurationList = BDD6891328821F0E009AC54F /* Build configuration list for PBXNativeTarget "toDoList2022W3" */;
			buildPhases = (
				BDD688F828821F0C009AC54F /* Sources */,
				BDD688F928821F0C009AC54F /* Frameworks */,
				BDD688FA28821F0C009AC54F /* Resources */,
			);
			buildRules = (
			);
			dependencies = (
			);
			name = toDoList2022W3;
			productName = toDoList2022W3;
			productReference = BDD688FC28821F0C009AC54F /* toDoList2022W3.app */;
			productType = "com.apple.product-type.application";
		};
/* End PBXNativeTarget section */

/* Begin PBXProject section */
		BDD688F428821F0C009AC54F /* Project object */ = {
			isa = PBXProject;
			attributes = {
				BuildIndependentTargetsInParallel = 1;
				LastSwiftUpdateCheck = 1340;
				LastUpgradeCheck = 1340;
				TargetAttributes = {
					BDD688FB28821F0C009AC54F = {
						CreatedOnToolsVersion = 13.4.1;
					};
				};
			};
			buildConfigurationList = BDD688F728821F0C009AC54F /* Build configuration list for PBXProject "toDoList2022W3" */;
			compatibilityVersion = "Xcode 13.0";
			developmentRegion = en;
			hasScannedForEncodings = 0;
			knownRegions = (
				en,
				Base,
			);
			mainGroup = BDD688F328821F0C009AC54F;
			productRefGroup = BDD688FD28821F0C009AC54F /* Products */;
			projectDirPath = "";
			projectRoot = "";
			targets = (
				BDD688FB28821F0C009AC54F /* toDoList2022W3 */,
			);
		};
/* End PBXProject section */

/* Begin PBXResourcesBuildPhase section */
		BDD688FA28821F0C009AC54F /* Resources */ = {
			isa = PBXResourcesBuildPhase;
			buildActionMask = 2147483647;
			files = (
				BDD6890F28821F0E009AC54F /* LaunchScreen.storyboard in Resources */,
				BDD6890C28821F0E009AC54F /* Assets.xcassets in Resources */,
				BDD6890728821F0C009AC54F /* Main.storyboard in Resources */,
			);
			runOnlyForDeploymentPostprocessing = 0;
		};
/* End PBXResourcesBuildPhase section */

/* Begin PBXSourcesBuildPhase section */
		BDD688F828821F0C009AC54F /* Sources */ = {
			isa = PBXSourcesBuildPhase;
			buildActionMask = 2147483647;
			files = (
				BDD6890A28821F0C009AC54F /* toDoList2022W3.xcdatamodeld in Sources */,
				BDD6891928822575009AC54F /* ToDo.swift in Sources */,
				BDD68917288223DB009AC54F /* ToDoTableViewController.swift in Sources */,
				BD2D2BDD288617C1000C69A2 /* CompleteToDoViewController.swift in Sources */,
				BDD6890028821F0C009AC54F /* AppDelegate.swift in Sources */,
				BDF8C8252885D153007EF465 /* AddToDoViewController.swift in Sources */,
				BDD6890228821F0C009AC54F /* SceneDelegate.swift in Sources */,
			);
			runOnlyForDeploymentPostprocessing = 0;
		};
/* End PBXSourcesBuildPhase section */

/* Begin PBXVariantGroup section */
		BDD6890528821F0C009AC54F /* Main.storyboard */ = {
			isa = PBXVariantGroup;
			children = (
				BDD6890628821F0C009AC54F /* Base */,
			);
			name = Main.storyboard;
			sourceTree = "<group>";
		};
		BDD6890D28821F0E009AC54F /* LaunchScreen.storyboard */ = {
			isa = PBXVariantGroup;
			children = (
				BDD6890E28821F0E009AC54F /* Base */,
			);
			name = LaunchScreen.storyboard;
			sourceTree = "<group>";
		};
/* End PBXVariantGroup section */

/* Begin XCBuildConfiguration section */
		BDD6891128821F0E009AC54F /* Debug */ = {
			isa = XCBuildConfiguration;
			buildSettings = {
				ALWAYS_SEARCH_USER_PATHS = NO;
				CLANG_ANALYZER_NONNULL = YES;
				CLANG_ANALYZER_NUMBER_OBJECT_CONVERSION = YES_AGGRESSIVE;
				CLANG_CXX_LANGUAGE_STANDARD = "gnu++17";
				CLANG_ENABLE_MODULES = YES;
				CLANG_ENABLE_OBJC_ARC = YES;
				CLANG_ENABLE_OBJC_WEAK = YES;
				CLANG_WARN_BLOCK_CAPTURE_AUTORELEASING = YES;
				CLANG_WARN_BOOL_CONVERSION = YES;
				CLANG_WARN_COMMA = YES;
				CLANG_WARN_CONSTANT_CONVERSION = YES;
				CLANG_WARN_DEPRECATED_OBJC_IMPLEMENTATIONS = YES;
				CLANG_WARN_DIRECT_OBJC_ISA_USAGE = YES_ERROR;
				CLANG_WARN_DOCUMENTATION_COMMENTS = YES;
				CLANG_WARN_EMPTY_BODY = YES;
				CLANG_WARN_ENUM_CONVERSION = YES;
				CLANG_WARN_INFINITE_RECURSION = YES;
				CLANG_WARN_INT_CONVERSION = YES;
				CLANG_WARN_NON_LITERAL_NULL_CONVERSION = YES;
				CLANG_WARN_OBJC_IMPLICIT_RETAIN_SELF = YES;
				CLANG_WARN_OBJC_LITERAL_CONVERSION = YES;
				CLANG_WARN_OBJC_ROOT_CLASS = YES_ERROR;
				CLANG_WARN_QUOTED_INCLUDE_IN_FRAMEWORK_HEADER = YES;
				CLANG_WARN_RANGE_LOOP_ANALYSIS = YES;
				CLANG_WARN_STRICT_PROTOTYPES = YES;
				CLANG_WARN_SUSPICIOUS_MOVE = YES;
				CLANG_WARN_UNGUARDED_AVAILABILITY = YES_AGGRESSIVE;
				CLANG_WARN_UNREACHABLE_CODE = YES;
				CLANG_WARN__DUPLICATE_METHOD_MATCH = YES;
				COPY_PHASE_STRIP = NO;
				DEBUG_INFORMATION_FORMAT = dwarf;
				ENABLE_STRICT_OBJC_MSGSEND = YES;
				ENABLE_TESTABILITY = YES;
				GCC_C_LANGUAGE_STANDARD = gnu11;
				GCC_DYNAMIC_NO_PIC = NO;
				GCC_NO_COMMON_BLOCKS = YES;
				GCC_OPTIMIZATION_LEVEL = 0;
				GCC_PREPROCESSOR_DEFINITIONS = (
					"DEBUG=1",
					"$(inherited)",
				);
				GCC_WARN_64_TO_32_BIT_CONVERSION = YES;
				GCC_WARN_ABOUT_RETURN_TYPE = YES_ERROR;
				GCC_WARN_UNDECLARED_SELECTOR = YES;
				GCC_WARN_UNINITIALIZED_AUTOS = YES_AGGRESSIVE;
				GCC_WARN_UNUSED_FUNCTION = YES;
				GCC_WARN_UNUSED_VARIABLE = YES;
				IPHONEOS_DEPLOYMENT_TARGET = 15.5;
				MTL_ENABLE_DEBUG_INFO = INCLUDE_SOURCE;
				MTL_FAST_MATH = YES;
				ONLY_ACTIVE_ARCH = YES;
				SDKROOT = iphoneos;
				SWIFT_ACTIVE_COMPILATION_CONDITIONS = DEBUG;
				SWIFT_OPTIMIZATION_LEVEL = "-Onone";
			};
			name = Debug;
		};
		BDD6891228821F0E009AC54F /* Release */ = {
			isa = XCBuildConfiguration;
			buildSettings = {
				ALWAYS_SEARCH_USER_PATHS = NO;
				CLANG_ANALYZER_NONNULL = YES;
				CLANG_ANALYZER_NUMBER_OBJECT_CONVERSION = YES_AGGRESSIVE;
				CLANG_CXX_LANGUAGE_STANDARD = "gnu++17";
				CLANG_ENABLE_MODULES = YES;
				CLANG_ENABLE_OBJC_ARC = YES;
				CLANG_ENABLE_OBJC_WEAK = YES;
				CLANG_WARN_BLOCK_CAPTURE_AUTORELEASING = YES;
				CLANG_WARN_BOOL_CONVERSION = YES;
				CLANG_WARN_COMMA = YES;
				CLANG_WARN_CONSTANT_CONVERSION = YES;
				CLANG_WARN_DEPRECATED_OBJC_IMPLEMENTATIONS = YES;
				CLANG_WARN_DIRECT_OBJC_ISA_USAGE = YES_ERROR;
				CLANG_WARN_DOCUMENTATION_COMMENTS = YES;
				CLANG_WARN_EMPTY_BODY = YES;
				CLANG_WARN_ENUM_CONVERSION = YES;
				CLANG_WARN_INFINITE_RECURSION = YES;
				CLANG_WARN_INT_CONVERSION = YES;
				CLANG_WARN_NON_LITERAL_NULL_CONVERSION = YES;
				CLANG_WARN_OBJC_IMPLICIT_RETAIN_SELF = YES;
				CLANG_WARN_OBJC_LITERAL_CONVERSION = YES;
				CLANG_WARN_OBJC_ROOT_CLASS = YES_ERROR;
				CLANG_WARN_QUOTED_INCLUDE_IN_FRAMEWORK_HEADER = YES;
				CLANG_WARN_RANGE_LOOP_ANALYSIS = YES;
				CLANG_WARN_STRICT_PROTOTYPES = YES;
				CLANG_WARN_SUSPICIOUS_MOVE = YES;
				CLANG_WARN_UNGUARDED_AVAILABILITY = YES_AGGRESSIVE;
				CLANG_WARN_UNREACHABLE_CODE = YES;
				CLANG_WARN__DUPLICATE_METHOD_MATCH = YES;
				COPY_PHASE_STRIP = NO;
				DEBUG_INFORMATION_FORMAT = "dwarf-with-dsym";
				ENABLE_NS_ASSERTIONS = NO;
				ENABLE_STRICT_OBJC_MSGSEND = YES;
				GCC_C_LANGUAGE_STANDARD = gnu11;
				GCC_NO_COMMON_BLOCKS = YES;
				GCC_WARN_64_TO_32_BIT_CONVERSION = YES;
				GCC_WARN_ABOUT_RETURN_TYPE = YES_ERROR;
				GCC_WARN_UNDECLARED_SELECTOR = YES;
				GCC_WARN_UNINITIALIZED_AUTOS = YES_AGGRESSIVE;
				GCC_WARN_UNUSED_FUNCTION = YES;
				GCC_WARN_UNUSED_VARIABLE = YES;
				IPHONEOS_DEPLOYMENT_TARGET = 15.5;
				MTL_ENABLE_DEBUG_INFO = NO;
				MTL_FAST_MATH = YES;
				SDKROOT = iphoneos;
				SWIFT_COMPILATION_MODE = wholemodule;
				SWIFT_OPTIMIZATION_LEVEL = "-O";
				VALIDATE_PRODUCT = YES;
			};
			name = Release;
		};
		BDD6891428821F0E009AC54F /* Debug */ = {
			isa = XCBuildConfiguration;
			buildSettings = {
				ASSETCATALOG_COMPILER_APPICON_NAME = AppIcon;
				ASSETCATALOG_COMPILER_GLOBAL_ACCENT_COLOR_NAME = AccentColor;
				CODE_SIGN_STYLE = Automatic;
				CURRENT_PROJECT_VERSION = 1;
				GENERATE_INFOPLIST_FILE = YES;
				INFOPLIST_FILE = toDoList2022W3/Info.plist;
				INFOPLIST_KEY_UIApplicationSupportsIndirectInputEvents = YES;
				INFOPLIST_KEY_UILaunchStoryboardName = LaunchScreen;
				INFOPLIST_KEY_UIMainStoryboardFile = Main;
				INFOPLIST_KEY_UISupportedInterfaceOrientations_iPad = "UIInterfaceOrientationPortrait UIInterfaceOrientationPortraitUpsideDown UIInterfaceOrientationLandscapeLeft UIInterfaceOrientationLandscapeRight";
				INFOPLIST_KEY_UISupportedInterfaceOrientations_iPhone = "UIInterfaceOrientationPortrait UIInterfaceOrientationLandscapeLeft UIInterfaceOrientationLandscapeRight";
				LD_RUNPATH_SEARCH_PATHS = (
					"$(inherited)",
					"@executable_path/Frameworks",
				);
				MARKETING_VERSION = 1.0;
				PRODUCT_BUNDLE_IDENTIFIER = CoolTeam.toDoList2022W3;
				PRODUCT_NAME = "$(TARGET_NAME)";
				SWIFT_EMIT_LOC_STRINGS = YES;
				SWIFT_VERSION = 5.0;
				TARGETED_DEVICE_FAMILY = "1,2";
			};
			name = Debug;
		};
		BDD6891528821F0E009AC54F /* Release */ = {
			isa = XCBuildConfiguration;
			buildSettings = {
				ASSETCATALOG_COMPILER_APPICON_NAME = AppIcon;
				ASSETCATALOG_COMPILER_GLOBAL_ACCENT_COLOR_NAME = AccentColor;
				CODE_SIGN_STYLE = Automatic;
				CURRENT_PROJECT_VERSION = 1;
				GENERATE_INFOPLIST_FILE = YES;
				INFOPLIST_FILE = toDoList2022W3/Info.plist;
				INFOPLIST_KEY_UIApplicationSupportsIndirectInputEvents = YES;
				INFOPLIST_KEY_UILaunchStoryboardName = LaunchScreen;
				INFOPLIST_KEY_UIMainStoryboardFile = Main;
				INFOPLIST_KEY_UISupportedInterfaceOrientations_iPad = "UIInterfaceOrientationPortrait UIInterfaceOrientationPortraitUpsideDown UIInterfaceOrientationLandscapeLeft UIInterfaceOrientationLandscapeRight";
				INFOPLIST_KEY_UISupportedInterfaceOrientations_iPhone = "UIInterfaceOrientationPortrait UIInterfaceOrientationLandscapeLeft UIInterfaceOrientationLandscapeRight";
				LD_RUNPATH_SEARCH_PATHS = (
					"$(inherited)",
					"@executable_path/Frameworks",
				);
				MARKETING_VERSION = 1.0;
				PRODUCT_BUNDLE_IDENTIFIER = CoolTeam.toDoList2022W3;
				PRODUCT_NAME = "$(TARGET_NAME)";
				SWIFT_EMIT_LOC_STRINGS = YES;
				SWIFT_VERSION = 5.0;
				TARGETED_DEVICE_FAMILY = "1,2";
			};
			name = Release;
		};
/* End XCBuildConfiguration section */

/* Begin XCConfigurationList section */
		BDD688F728821F0C009AC54F /* Build configuration list for PBXProject "toDoList2022W3" */ = {
			isa = XCConfigurationList;
			buildConfigurations = (
				BDD6891128821F0E009AC54F /* Debug */,
				BDD6891228821F0E009AC54F /* Release */,
			);
			defaultConfigurationIsVisible = 0;
			defaultConfigurationName = Release;
		};
		BDD6891328821F0E009AC54F /* Build configuration list for PBXNativeTarget "toDoList2022W3" */ = {
			isa = XCConfigurationList;
			buildConfigurations = (
				BDD6891428821F0E009AC54F /* Debug */,
				BDD6891528821F0E009AC54F /* Release */,
			);
			defaultConfigurationIsVisible = 0;
			defaultConfigurationName = Release;
		};
/* End XCConfigurationList section */

/* Begin XCVersionGroup section */
		BDD6890828821F0C009AC54F /* toDoList2022W3.xcdatamodeld */ = {
			isa = XCVersionGroup;
			children = (
				BDD6890928821F0C009AC54F /* toDoList2022W3.xcdatamodel */,
			);
			currentVersion = BDD6890928821F0C009AC54F /* toDoList2022W3.xcdatamodel */;
			path = toDoList2022W3.xcdatamodeld;
			sourceTree = "<group>";
			versionGroupType = wrapper.xcdatamodel;
		};
/* End XCVersionGroup section */
	};
	rootObject = BDD688F428821F0C009AC54F /* Project object */;
}
